lockfileVersion: '6.0'

settings:
  autoInstallPeers: true
  excludeLinksFromLockfile: false

devDependencies:
  graphql-http:
    specifier: 1.22.1
    version: 1.22.1(graphql@16.8.1)

packages:

  /graphql-http@1.22.1(graphql@16.8.1):
    resolution: {integrity: sha512-4Jor+LRbA7SfSaw7dfDUs2UBzvWg3cKrykfHRgKsOIvQaLuf+QOcG2t3Mx5N9GzSNJcuqMqJWz0ta5+BryEmXg==}
    engines: {node: '>=12'}
    peerDependencies:
      graphql: '>=0.11 <=16'
    dependencies:
      graphql: 16.8.1
    dev: true

  /graphql@16.8.1:
    resolution: {integrity: sha512-59LZHPdGZVh695Ud9lRzPBVTtlX9ZCV150Er2W43ro37wVof0ctenSaskPPjN7lVTIN8mSZt8PHUNKZuNQUuxw==}
    engines: {node: ^12.22.0 || ^14.16.0 || ^16.0.0 || >=17.0.0}
    dev: true
