lockfileVersion: '6.1'

settings:
  autoInstallPeers: true
  excludeLinksFromLockfile: false

dependencies:
  '@apollo/subgraph':
    specifier: ^2.5.1
    version: 2.5.1(graphql@16.7.1)
  '@types/node':
    specifier: ^20.4.6
    version: 20.4.6
  graphql:
    specifier: ^16.7.1
    version: 16.7.1
  graphql-yoga:
    specifier: ^4.0.3
    version: 4.0.3(graphql@16.7.1)
  typescript:
    specifier: ^5.1.6
    version: 5.1.6

packages:

  /@apollo/cache-control-types@1.0.3(graphql@16.7.1):
    resolution: {integrity: sha512-F17/vCp7QVwom9eG7ToauIKdAxpSoadsJnqIfyryLFSkLSOEqu+eC5Z3N8OXcUVStuOMcNHlyraRsA6rRICu4g==}
    peerDependencies:
      graphql: 14.x || 15.x || 16.x
    dependencies:
      graphql: 16.7.1
    dev: false

  /@apollo/federation-internals@2.5.1(graphql@16.7.1):
    resolution: {integrity: sha512-+TSt+GJWBeDiHRsLhaake2sYDni2yW3f4xRSq3+I6vsHs1GIcKgUbhq4fiDe61v6OXU1IckuI+TELRSMZNNh6A==}
    engines: {node: '>=14.15.0'}
    peerDependencies:
      graphql: ^16.5.0
    dependencies:
      '@types/uuid': 9.0.2
      chalk: 4.1.2
      graphql: 16.7.1
      js-levenshtein: 1.1.6
      uuid: 9.0.0
    dev: false

  /@apollo/subgraph@2.5.1(graphql@16.7.1):
    resolution: {integrity: sha512-q6L9pbGL+R9yZpX4sQlf9YPwe/skbQB2pgOLV+H0m83nEwAx0eKgjuzNGqokb9YBYU23dv3kkItR3nHBw5RMUw==}
    engines: {node: '>=14.15.0'}
    peerDependencies:
      graphql: ^16.5.0
    dependencies:
      '@apollo/cache-control-types': 1.0.3(graphql@16.7.1)
      '@apollo/federation-internals': 2.5.1(graphql@16.7.1)
      graphql: 16.7.1
    dev: false

  /@envelop/core@4.0.0:
    resolution: {integrity: sha512-6usEZO86hWT0ZajAbhOX0QXlV++lrlEmu8br6KQVvyXOxttiHADIibgfzb3GtSI7RnnJDnrcRb7Jynv6Lca3iQ==}
    engines: {node: '>=16.0.0'}
    dependencies:
      '@envelop/types': 4.0.0
      tslib: 2.6.1
    dev: false

  /@envelop/types@4.0.0:
    resolution: {integrity: sha512-dmBK16VVfKCkqYYemvE+gt1cPBP0d9CbYO4yjNhSSYy9K+w6+Lw48wOLK238mSR339PNAvwj/JW/qzNy2llggA==}
    engines: {node: '>=16.0.0'}
    dependencies:
      tslib: 2.6.1
    dev: false

  /@graphql-tools/executor@1.1.0(graphql@16.7.1):
    resolution: {integrity: sha512-+1wmnaUHETSYxiK/ELsT60x584Rw3QKBB7F/7fJ83HKPnLifmE2Dm/K9Eyt6L0Ppekf1jNUbWBpmBGb8P5hAeg==}
    engines: {node: '>=16.0.0'}
    peerDependencies:
      graphql: ^14.0.0 || ^15.0.0 || ^16.0.0 || ^17.0.0
    dependencies:
      '@graphql-tools/utils': 10.0.4(graphql@16.7.1)
      '@graphql-typed-document-node/core': 3.2.0(graphql@16.7.1)
      '@repeaterjs/repeater': 3.0.4
      graphql: 16.7.1
      tslib: 2.6.1
      value-or-promise: 1.0.12
    dev: false

  /@graphql-tools/merge@9.0.0(graphql@16.7.1):
    resolution: {integrity: sha512-J7/xqjkGTTwOJmaJQJ2C+VDBDOWJL3lKrHJN4yMaRLAJH3PosB7GiPRaSDZdErs0+F77sH2MKs2haMMkywzx7Q==}
    engines: {node: '>=16.0.0'}
    peerDependencies:
      graphql: ^14.0.0 || ^15.0.0 || ^16.0.0 || ^17.0.0
    dependencies:
      '@graphql-tools/utils': 10.0.4(graphql@16.7.1)
      graphql: 16.7.1
      tslib: 2.6.1
    dev: false

  /@graphql-tools/schema@10.0.0(graphql@16.7.1):
    resolution: {integrity: sha512-kf3qOXMFcMs2f/S8Y3A8fm/2w+GaHAkfr3Gnhh2LOug/JgpY/ywgFVxO3jOeSpSEdoYcDKLcXVjMigNbY4AdQg==}
    engines: {node: '>=16.0.0'}
    peerDependencies:
      graphql: ^14.0.0 || ^15.0.0 || ^16.0.0 || ^17.0.0
    dependencies:
      '@graphql-tools/merge': 9.0.0(graphql@16.7.1)
      '@graphql-tools/utils': 10.0.4(graphql@16.7.1)
      graphql: 16.7.1
      tslib: 2.6.1
      value-or-promise: 1.0.12
    dev: false

  /@graphql-tools/utils@10.0.4(graphql@16.7.1):
    resolution: {integrity: sha512-MF+nZgGROSnFgyOYWhrl2PuJMlIBvaCH48vtnlnDQKSeDc2fUfOzUVloBAQvnYmK9JBmHHks4Pxv25Ybg3r45Q==}
    engines: {node: '>=16.0.0'}
    peerDependencies:
      graphql: ^14.0.0 || ^15.0.0 || ^16.0.0 || ^17.0.0
    dependencies:
      '@graphql-typed-document-node/core': 3.2.0(graphql@16.7.1)
      dset: 3.1.2
      graphql: 16.7.1
      tslib: 2.6.1
    dev: false

  /@graphql-typed-document-node/core@3.2.0(graphql@16.7.1):
    resolution: {integrity: sha512-mB9oAsNCm9aM3/SOv4YtBMqZbYj10R7dkq8byBqxGY/ncFwhf2oQzMV+LCRlWoDSEBJ3COiR1yeDvMtsoOsuFQ==}
    peerDependencies:
      graphql: ^0.8.0 || ^0.9.0 || ^0.10.0 || ^0.11.0 || ^0.12.0 || ^0.13.0 || ^14.0.0 || ^15.0.0 || ^16.0.0 || ^17.0.0
    dependencies:
      graphql: 16.7.1
    dev: false

  /@graphql-yoga/logger@1.0.0:
    resolution: {integrity: sha512-JYoxwnPggH2BfO+dWlWZkDeFhyFZqaTRGLvFhy+Pjp2UxitEW6nDrw+pEDw/K9tJwMjIFMmTT9VfTqrnESmBHg==}
    engines: {node: '>=16.0.0'}
    dependencies:
      tslib: 2.6.1
    dev: false

  /@graphql-yoga/subscription@4.0.0:
    resolution: {integrity: sha512-0qsN/BPPZNMoC2CZ8i+P6PgiJyHh1H35aKDt37qARBDaIOKDQuvEOq7+4txUKElcmXi7DYFo109FkhSQoEajrg==}
    engines: {node: '>=16.0.0'}
    dependencies:
      '@graphql-yoga/typed-event-target': 2.0.0
      '@repeaterjs/repeater': 3.0.4
      '@whatwg-node/events': 0.1.1
      tslib: 2.6.1
    dev: false

  /@graphql-yoga/typed-event-target@2.0.0:
    resolution: {integrity: sha512-oA/VGxGmaSDym1glOHrltw43qZsFwLLjBwvh57B79UKX/vo3+UQcRgOyE44c5RP7DCYjkrC2tuArZmb6jCzysw==}
    engines: {node: '>=16.0.0'}
    dependencies:
      '@repeaterjs/repeater': 3.0.4
      tslib: 2.6.1
    dev: false

  /@repeaterjs/repeater@3.0.4:
    resolution: {integrity: sha512-AW8PKd6iX3vAZ0vA43nOUOnbq/X5ihgU+mSXXqunMkeQADGiqw/PY0JNeYtD5sr0PAy51YPgAPbDoeapv9r8WA==}
    dev: false

  /@types/node@20.4.6:
    resolution: {integrity: sha512-q0RkvNgMweWWIvSMDiXhflGUKMdIxBo2M2tYM/0kEGDueQByFzK4KZAgu5YHGFNxziTlppNpTIBcqHQAxlfHdA==}
    dev: false

  /@types/uuid@9.0.2:
    resolution: {integrity: sha512-kNnC1GFBLuhImSnV7w4njQkUiJi0ZXUycu1rUaouPqiKlXkh77JKgdRnTAp1x5eBwcIwbtI+3otwzuIDEuDoxQ==}
    dev: false

  /@whatwg-node/events@0.1.1:
    resolution: {integrity: sha512-AyQEn5hIPV7Ze+xFoXVU3QTHXVbWPrzaOkxtENMPMuNL6VVHrp4hHfDt9nrQpjO7BgvuM95dMtkycX5M/DZR3w==}
    engines: {node: '>=16.0.0'}
    dev: false

  /@whatwg-node/fetch@0.9.9:
    resolution: {integrity: sha512-OTVoDm039CNyAWSRc2WBimMl/N9J4Fk2le21Xzcf+3OiWPNNSIbMnpWKBUyraPh2d9SAEgoBdQxTfVNihXgiUw==}
    engines: {node: '>=16.0.0'}
    dependencies:
      '@whatwg-node/node-fetch': 0.4.11
      urlpattern-polyfill: 9.0.0
    dev: false

  /@whatwg-node/node-fetch@0.4.11:
    resolution: {integrity: sha512-JRMx/yrBW/PXUH+0EIurUIQtAsEMrHtZBBKv6b+YCK1yG7pMNqtkl5Z39Rynq8ysVc/I6yTtNwkCy9bz5To1vw==}
    engines: {node: '>=16.0.0'}
    dependencies:
      '@whatwg-node/events': 0.1.1
      busboy: 1.6.0
      fast-querystring: 1.1.2
      fast-url-parser: 1.1.3
      tslib: 2.6.1
    dev: false

  /@whatwg-node/server@0.9.6:
    resolution: {integrity: sha512-JijJzNP/a6H9lDdkDWzwh5CxpRvyPpikGDy7KOc4z+ZrSM/HAZmhf+Y+o8NTFZEi9yulPi8aeBO52R3FYJn0Gg==}
    engines: {node: '>=16.0.0'}
    dependencies:
      '@whatwg-node/fetch': 0.9.9
      tslib: 2.6.1
    dev: false

  /ansi-styles@4.3.0:
    resolution: {integrity: sha512-zbB9rCJAT1rbjiVDb2hqKFHNYLxgtk8NURxZ3IZwD3F6NtxbXZQCnnSi1Lkx+IDohdPlFp222wVALIheZJQSEg==}
    engines: {node: '>=8'}
    dependencies:
      color-convert: 2.0.1
    dev: false

  /busboy@1.6.0:
    resolution: {integrity: sha512-8SFQbg/0hQ9xy3UNTB0YEnsNBbWfhf7RtnzpL7TkBiTBRfrQ9Fxcnz7VJsleJpyp6rVLvXiuORqjlHi5q+PYuA==}
    engines: {node: '>=10.16.0'}
    dependencies:
      streamsearch: 1.1.0
    dev: false

  /chalk@4.1.2:
    resolution: {integrity: sha512-oKnbhFyRIXpUuez8iBMmyEa4nbj4IOQyuhc/wy9kY7/WVPcwIO9VA668Pu8RkO7+0G76SLROeyw9CpQ061i4mA==}
    engines: {node: '>=10'}
    dependencies:
      ansi-styles: 4.3.0
      supports-color: 7.2.0
    dev: false

  /color-convert@2.0.1:
    resolution: {integrity: sha512-RRECPsj7iu/xb5oKYcsFHSppFNnsj/52OVTRKb4zP5onXwVF3zVmmToNcOfGC+CRDpfK/U584fMg38ZHCaElKQ==}
    engines: {node: '>=7.0.0'}
    dependencies:
      color-name: 1.1.4
    dev: false

  /color-name@1.1.4:
    resolution: {integrity: sha512-dOy+3AuW3a2wNbZHIuMZpTcgjGuLU/uBL/ubcZF9OXbDo8ff4O8yVp5Bf0efS8uEoYo5q4Fx7dY9OgQGXgAsQA==}
    dev: false

  /dset@3.1.2:
    resolution: {integrity: sha512-g/M9sqy3oHe477Ar4voQxWtaPIFw1jTdKZuomOjhCcBx9nHUNn0pu6NopuFFrTh/TRZIKEj+76vLWFu9BNKk+Q==}
    engines: {node: '>=4'}
    dev: false

  /fast-decode-uri-component@1.0.1:
    resolution: {integrity: sha512-WKgKWg5eUxvRZGwW8FvfbaH7AXSh2cL+3j5fMGzUMCxWBJ3dV3a7Wz8y2f/uQ0e3B6WmodD3oS54jTQ9HVTIIg==}
    dev: false

  /fast-querystring@1.1.2:
    resolution: {integrity: sha512-g6KuKWmFXc0fID8WWH0jit4g0AGBoJhCkJMb1RmbsSEUNvQ+ZC8D6CUZ+GtF8nMzSPXnhiePyyqqipzNNEnHjg==}
    dependencies:
      fast-decode-uri-component: 1.0.1
    dev: false

  /fast-url-parser@1.1.3:
    resolution: {integrity: sha512-5jOCVXADYNuRkKFzNJ0dCCewsZiYo0dz8QNYljkOpFC6r2U4OBmKtvm/Tsuh4w1YYdDqDb31a8TVhBJ2OJKdqQ==}
    dependencies:
      punycode: 1.4.1
    dev: false

  /graphql-yoga@4.0.3(graphql@16.7.1):
    resolution: {integrity: sha512-MP+v+yxCqM3lXg95vaA+kXjyRvyRxHUlgZryTecN7ugzEEnyQKKu8JBXA4ziEuLi3liRriyjCAyV4pqFzhHujA==}
    engines: {node: '>=16.0.0'}
    peerDependencies:
      graphql: ^15.2.0 || ^16.0.0
    dependencies:
      '@envelop/core': 4.0.0
      '@graphql-tools/executor': 1.1.0(graphql@16.7.1)
      '@graphql-tools/schema': 10.0.0(graphql@16.7.1)
      '@graphql-tools/utils': 10.0.4(graphql@16.7.1)
      '@graphql-yoga/logger': 1.0.0
      '@graphql-yoga/subscription': 4.0.0
      '@whatwg-node/fetch': 0.9.9
      '@whatwg-node/server': 0.9.6
      dset: 3.1.2
      graphql: 16.7.1
      lru-cache: 10.0.0
      tslib: 2.6.1
    dev: false

  /graphql@16.7.1:
    resolution: {integrity: sha512-DRYR9tf+UGU0KOsMcKAlXeFfX89UiiIZ0dRU3mR0yJfu6OjZqUcp68NnFLnqQU5RexygFoDy1EW+ccOYcPfmHg==}
    engines: {node: ^12.22.0 || ^14.16.0 || ^16.0.0 || >=17.0.0}
    dev: false

  /has-flag@4.0.0:
    resolution: {integrity: sha512-EykJT/Q1KjTWctppgIAgfSO0tKVuZUjhgMr17kqTumMl6Afv3EISleU7qZUzoXDFTAHTDC4NOoG/ZxU3EvlMPQ==}
    engines: {node: '>=8'}
    dev: false

  /js-levenshtein@1.1.6:
    resolution: {integrity: sha512-X2BB11YZtrRqY4EnQcLX5Rh373zbK4alC1FW7D7MBhL2gtcC17cTnr6DmfHZeS0s2rTHjUTMMHfG7gO8SSdw+g==}
    engines: {node: '>=0.10.0'}
    dev: false

  /lru-cache@10.0.0:
    resolution: {integrity: sha512-svTf/fzsKHffP42sujkO/Rjs37BCIsQVRCeNYIm9WN8rgT7ffoUnRtZCqU+6BqcSBdv8gwJeTz8knJpgACeQMw==}
    engines: {node: 14 || >=16.14}
    dev: false

  /punycode@1.4.1:
    resolution: {integrity: sha512-jmYNElW7yvO7TV33CjSmvSiE2yco3bV2czu/OzDKdMNVZQWfxCblURLhf+47syQRBntjfLdd/H0egrzIG+oaFQ==}
    dev: false

  /streamsearch@1.1.0:
    resolution: {integrity: sha512-Mcc5wHehp9aXz1ax6bZUyY5afg9u2rv5cqQI3mRrYkGC8rW2hM02jWuwjtL++LS5qinSyhj2QfLyNsuc+VsExg==}
    engines: {node: '>=10.0.0'}
    dev: false

  /supports-color@7.2.0:
    resolution: {integrity: sha512-qpCAvRl9stuOHveKsn7HncJRvv501qIacKzQlO/+Lwxc9+0q2wLyv4Dfvt80/DPn2pqOBsJdDiogXGR9+OvwRw==}
    engines: {node: '>=8'}
    dependencies:
      has-flag: 4.0.0
    dev: false

  /tslib@2.6.1:
    resolution: {integrity: sha512-t0hLfiEKfMUoqhG+U1oid7Pva4bbDPHYfJNiB7BiIjRkj1pyC++4N3huJfqY6aRH6VTB0rvtzQwjM4K6qpfOig==}
    dev: false

  /typescript@5.1.6:
    resolution: {integrity: sha512-zaWCozRZ6DLEWAWFrVDz1H6FVXzUSfTy5FUMWsQlU8Ym5JP9eO4xkTIROFCQvhQf61z6O/G6ugw3SgAnvvm+HA==}
    engines: {node: '>=14.17'}
    hasBin: true
    dev: false

  /urlpattern-polyfill@9.0.0:
    resolution: {integrity: sha512-WHN8KDQblxd32odxeIgo83rdVDE2bvdkb86it7bMhYZwWKJz0+O0RK/eZiHYnM+zgt/U7hAHOlCQGfjjvSkw2g==}
    dev: false

  /uuid@9.0.0:
    resolution: {integrity: sha512-MXcSTerfPa4uqyzStbRoTgt5XIe3x5+42+q1sDuy3R5MDk66URdLMOZe5aPX/SQd+kuYAh0FdP/pO28IkQyTeg==}
    hasBin: true
    dev: false

  /value-or-promise@1.0.12:
    resolution: {integrity: sha512-Z6Uz+TYwEqE7ZN50gwn+1LCVo9ZVrpxRPOhOLnncYkY1ZzOYtrX8Fwf/rFktZ8R5mJms6EZf5TqNOMeZmnPq9Q==}
    engines: {node: '>=12'}
    dev: false
